
Microsoft Visual Studio Solution File, Format Version 12.00
# Visual Studio Version 17
VisualStudioVersion = 17.8.34525.116
MinimumVisualStudioVersion = 10.0.40219.1
Project("{FAE04EC0-301F-11D3-BF4B-00C04F79EFBC}") = "OrderProcessingFunctions", "OrderProcessingFunctions\OrderProcessingFunctions.csproj", "{B15ADBB7-A34E-45D8-B8EB-5B8340E986A4}"
EndProject
Global
	GlobalSection(SolutionConfigurationPlatforms) = preSolution
		Debug|Any CPU = Debug|Any CPU
		Release|Any CPU = Release|Any CPU
	EndGlobalSection
	GlobalSection(ProjectConfigurationPlatforms) = postSolution
		{B15ADBB7-A34E-45D8-B8EB-5B8340E986A4}.Debug|Any CPU.ActiveCfg = Debug|Any CPU
		{B15ADBB7-A34E-45D8-B8EB-5B8340E986A4}.Debug|Any CPU.Build.0 = Debug|Any CPU
		{B15ADBB7-A34E-45D8-B8EB-5B8340E986A4}.Release|Any CPU.ActiveCfg = Release|Any CPU
		{B15ADBB7-A34E-45D8-B8EB-5B8340E986A4}.Release|Any CPU.Build.0 = Release|Any CPU
	EndGlobalSection
	GlobalSection(SolutionProperties) = preSolution
		HideSolutionNode = FALSE
	EndGlobalSection
	GlobalSection(ExtensibilityGlobals) = postSolution
		SolutionGuid = {6CC0481E-2CDD-45CB-97F6-46B0EE06D0CE}
	EndGlobalSection
EndGlobal
